
Microsoft Visual Studio Solution File, Format Version 12.00
# Visual Studio Version 16
VisualStudioVersion = 16.0.31112.23
MinimumVisualStudioVersion = 10.0.40219.1
Project("{FAE04EC0-301F-11D3-BF4B-00C04F79EFBC}") = "RexStudios.CsharpExtensions", "RexStudios.CsharpExtensions.csproj", "{17305B04-2DF2-46F9-BE7C-2D476A32FCE4}"
EndProject
Global
	GlobalSection(SolutionConfigurationPlatforms) = preSolution
		Debug|Any CPU = Debug|Any CPU
		Release|Any CPU = Release|Any CPU
	EndGlobalSection
	GlobalSection(ProjectConfigurationPlatforms) = postSolution
		{17305B04-2DF2-46F9-BE7C-2D476A32FCE4}.Debug|Any CPU.ActiveCfg = Debug|Any CPU
		{17305B04-2DF2-46F9-BE7C-2D476A32FCE4}.Debug|Any CPU.Build.0 = Debug|Any CPU
		{17305B04-2DF2-46F9-BE7C-2D476A32FCE4}.Release|Any CPU.ActiveCfg = Release|Any CPU
		{17305B04-2DF2-46F9-BE7C-2D476A32FCE4}.Release|Any CPU.Build.0 = Release|Any CPU
	EndGlobalSection
	GlobalSection(SolutionProperties) = preSolution
		HideSolutionNode = FALSE
	EndGlobalSection
	GlobalSection(ExtensibilityGlobals) = postSolution
		SolutionGuid = {DCD1F65A-AE60-431E-AF52-6BB1543F3344}
	EndGlobalSection
EndGlobal
